{
  "name": "user-session-service",
  "version": "0.1.0",
  "lockfileVersion": 3,
  "requires": true,
  "packages": {
    "": {
      "name": "user-session-service",
      "version": "0.1.0",
      "devDependencies": {
        "typescript": "^4.9.5",
        "ts-node": "^10.9.1",
        "@types/node": "^18.11.9"
      }
    }
  }
}
